
Microsoft Visual Studio Solution File, Format Version 11.00
# Visual Studio 2010
# SharpDevelop 4.4
Project("{FAE04EC0-301F-11D3-BF4B-00C04F79EFBC}") = "ProyectoBiblioteca_SilvaLaura", "ProyectoBiblioteca_SilvaLaura.csproj", "{E301E06A-416E-4835-8342-3A5573ECF6DD}"
EndProject
Global
	GlobalSection(SolutionConfigurationPlatforms) = preSolution
		Debug|Any CPU = Debug|Any CPU
		Release|Any CPU = Release|Any CPU
	EndGlobalSection
	GlobalSection(ProjectConfigurationPlatforms) = postSolution
		{E301E06A-416E-4835-8342-3A5573ECF6DD}.Debug|Any CPU.Build.0 = Debug|Any CPU
		{E301E06A-416E-4835-8342-3A5573ECF6DD}.Debug|Any CPU.ActiveCfg = Debug|Any CPU
		{E301E06A-416E-4835-8342-3A5573ECF6DD}.Release|Any CPU.Build.0 = Release|Any CPU
		{E301E06A-416E-4835-8342-3A5573ECF6DD}.Release|Any CPU.ActiveCfg = Release|Any CPU
	EndGlobalSection
EndGlobal
